{"1.2.0",
[{<<"certifi">>,{pkg,<<"certifi">>,<<"2.16.0">>},1},
 {<<"hackney">>,
  {git,"https://github.com/benoitc/hackney.git",
       {ref,"fdd1576911bd93f53a52240ea66aafe1bb45a4af"}},
  0},
 {<<"idna">>,{pkg,<<"idna">>,<<"7.1.0">>},1},
 {<<"mimerl">>,{pkg,<<"mimerl">>,<<"1.5.0">>},1},
 {<<"parse_trans">>,{pkg,<<"parse_trans">>,<<"3.4.1">>},1},
 {<<"quic">>,{pkg,<<"quic">>,<<"0.10.2">>},1},
 {<<"ssl_verify_fun">>,{pkg,<<"ssl_verify_fun">>,<<"1.1.7">>},1}]}.
[
{pkg_hash,[
 {<<"certifi">>, <<"A4EDFC1D2DA3424D478A3271133BF28E0EC5E6FD8C009AAB5A4AE980CB165CE9">>},
 {<<"idna">>, <<"1067A13043538129602D2F2CE6899D8713125C7D19734AA557CE2E3EA55BD4F1">>},
 {<<"mimerl">>, <<"F35ACA6F23242339B3666E0AC0702379E362B469D0AEA167F6CC713547E777ED">>},
 {<<"parse_trans">>, <<"6E6AA8167CB44CC8F39441D05193BE6E6F4E7C2946CB2759F015F8C56B76E5FF">>},
 {<<"quic">>, <<"4B390507A85F65CE47808F3DF1A864E0BAF9ADB7A1B4EA9F4DCD66FE9D0CB166">>},
 {<<"ssl_verify_fun">>, <<"354C321CF377240C7B8716899E182CE4890C5938111A1296ADD3EC74CF1715DF">>}]},
{pkg_hash_ext,[
 {<<"certifi">>, <<"8A64F6669D85E9CC0E5086FCF29A5B13DE57A13EFA23D3582874B9A19303F184">>},
 {<<"idna">>, <<"6AE959A025BF36DF61A8CAB8508D9654891B5426A84C44D82DEAFFD6DDF8C71F">>},
 {<<"mimerl">>, <<"DB648CE065BAE14EA84CA8B5DD123F42F49417CEF693541110BF6F9E9BE9ECC4">>},
 {<<"parse_trans">>, <<"620A406CE75DADA827B82E453C19CF06776BE266F5A67CFF34E1EF2CBB60E49A">>},
 {<<"quic">>, <<"7C196A66973C877A59768A5687F0A0610FF11817254D0A4E45CC4E3A16B1D00B">>},
 {<<"ssl_verify_fun">>, <<"FE4C190E8F37401D30167C8C405EDA19469F34577987C76DDE613E838BBC67F8">>}]}
].
